
Microsoft Visual Studio Solution File, Format Version 12.00
# Visual Studio Version 17
VisualStudioVersion = 17.10.35013.160
MinimumVisualStudioVersion = 10.0.40219.1
Project("{FAE04EC0-301F-11D3-BF4B-00C04F79EFBC}") = "InverntoryWebApp", "InverntoryWebApp.csproj", "{27D6C4A8-F9BF-4D32-BEC0-67755F8CEB77}"
EndProject
Global
	GlobalSection(SolutionConfigurationPlatforms) = preSolution
		Debug|Any CPU = Debug|Any CPU
		Release|Any CPU = Release|Any CPU
	EndGlobalSection
	GlobalSection(ProjectConfigurationPlatforms) = postSolution
		{27D6C4A8-F9BF-4D32-BEC0-67755F8CEB77}.Debug|Any CPU.ActiveCfg = Debug|Any CPU
		{27D6C4A8-F9BF-4D32-BEC0-67755F8CEB77}.Debug|Any CPU.Build.0 = Debug|Any CPU
		{27D6C4A8-F9BF-4D32-BEC0-67755F8CEB77}.Release|Any CPU.ActiveCfg = Release|Any CPU
		{27D6C4A8-F9BF-4D32-BEC0-67755F8CEB77}.Release|Any CPU.Build.0 = Release|Any CPU
	EndGlobalSection
	GlobalSection(SolutionProperties) = preSolution
		HideSolutionNode = FALSE
	EndGlobalSection
	GlobalSection(ExtensibilityGlobals) = postSolution
		SolutionGuid = {CC7F0F42-8D6C-47DA-9331-66E21E1CF445}
	EndGlobalSection
EndGlobal
